
Microsoft Visual Studio Solution File, Format Version 12.00
# Visual Studio 15
VisualStudioVersion = 15.0.28010.2048
MinimumVisualStudioVersion = 10.0.40219.1
Project("{FAE04EC0-301F-11D3-BF4B-00C04F79EFBC}") = "stackTraceYönetimi", "stackTraceYönetimi\stackTraceYönetimi.csproj", "{47B1E2E1-E1B9-4BC4-97B7-ED5797D9D7E3}"
EndProject
Global
	GlobalSection(SolutionConfigurationPlatforms) = preSolution
		Debug|Any CPU = Debug|Any CPU
		Release|Any CPU = Release|Any CPU
	EndGlobalSection
	GlobalSection(ProjectConfigurationPlatforms) = postSolution
		{47B1E2E1-E1B9-4BC4-97B7-ED5797D9D7E3}.Debug|Any CPU.ActiveCfg = Debug|Any CPU
		{47B1E2E1-E1B9-4BC4-97B7-ED5797D9D7E3}.Debug|Any CPU.Build.0 = Debug|Any CPU
		{47B1E2E1-E1B9-4BC4-97B7-ED5797D9D7E3}.Release|Any CPU.ActiveCfg = Release|Any CPU
		{47B1E2E1-E1B9-4BC4-97B7-ED5797D9D7E3}.Release|Any CPU.Build.0 = Release|Any CPU
	EndGlobalSection
	GlobalSection(SolutionProperties) = preSolution
		HideSolutionNode = FALSE
	EndGlobalSection
	GlobalSection(ExtensibilityGlobals) = postSolution
		SolutionGuid = {6596A58B-6AFD-4E1A-BE5C-B17E6EBF7EB6}
	EndGlobalSection
EndGlobal
